Microsoft Visual Studio Solution File, Format Version 12.00
# Visual Studio Version 17
VisualStudioVersion = 17.1.32104.313
MinimumVisualStudioVersion = 10.0.40219.1
Project("{9A19103F-16F7-4668-BE54-9A1E7A4F7556}") = "SFP_UI", "SFP_UI\SFP_UI.csproj", "{55EC0EB9-96FC-4CB5-B8AB-3F4A904AC97C}"
EndProject
Project("{9A19103F-16F7-4668-BE54-9A1E7A4F7556}") = "SFP", "SFP\SFP.csproj", "{2801B18E-31FC-4B99-AAD7-7259CD197D8D}"
EndProject
Project("{2150E333-8FDC-42A3-9474-1A3956D46DE8}") = "Solution Items", "Solution Items", "{50AF4859-D9C1-465A-97E5-66B7B944FE7D}"
	ProjectSection(SolutionItems) = preProject
		.editorconfig = .editorconfig
		Directory.Packages.props = Directory.Packages.props
		SFP\NLog.config = SFP\NLog.config
		SFPCommon.props = SFPCommon.props
		README.md = README.md
		createpublishedzip.ps1 = createpublishedzip.ps1
		.pre-commit-config.yaml = .pre-commit-config.yaml
	EndProjectSection
EndProject
Project("{2150E333-8FDC-42A3-9474-1A3956D46DE8}") = ".github", ".github", "{D50C3657-84AF-4631-9291-21EEF38F94B6}"
	ProjectSection(SolutionItems) = preProject
		.github\FUNDING.yml = .github\FUNDING.yml
		.github\dependabot.yml = .github\dependabot.yml
	EndProjectSection
EndProject
Project("{2150E333-8FDC-42A3-9474-1A3956D46DE8}") = "workflows", "workflows", "{DED8434F-5A66-487D-A851-DC06DF32242D}"
	ProjectSection(SolutionItems) = preProject
		.github\workflows\publish.yml = .github\workflows\publish.yml
		.github\workflows\codeql-analysis.yml = .github\workflows\codeql-analysis.yml
		.github\workflows\build.yml = .github\workflows\build.yml
	EndProjectSection
EndProject
Global
	GlobalSection(SolutionConfigurationPlatforms) = preSolution
		Debug|Any CPU = Debug|Any CPU
		Release|Any CPU = Release|Any CPU
	EndGlobalSection
	GlobalSection(ProjectConfigurationPlatforms) = postSolution
		{55EC0EB9-96FC-4CB5-B8AB-3F4A904AC97C}.Debug|Any CPU.ActiveCfg = Debug|Any CPU
		{55EC0EB9-96FC-4CB5-B8AB-3F4A904AC97C}.Debug|Any CPU.Build.0 = Debug|Any CPU
		{55EC0EB9-96FC-4CB5-B8AB-3F4A904AC97C}.Release|Any CPU.ActiveCfg = Release|Any CPU
		{55EC0EB9-96FC-4CB5-B8AB-3F4A904AC97C}.Release|Any CPU.Build.0 = Release|Any CPU
		{2801B18E-31FC-4B99-AAD7-7259CD197D8D}.Debug|Any CPU.ActiveCfg = Debug|Any CPU
		{2801B18E-31FC-4B99-AAD7-7259CD197D8D}.Debug|Any CPU.Build.0 = Debug|Any CPU
		{2801B18E-31FC-4B99-AAD7-7259CD197D8D}.Release|Any CPU.ActiveCfg = Release|Any CPU
		{2801B18E-31FC-4B99-AAD7-7259CD197D8D}.Release|Any CPU.Build.0 = Release|Any CPU
	EndGlobalSection
	GlobalSection(SolutionProperties) = preSolution
		HideSolutionNode = FALSE
	EndGlobalSection
	GlobalSection(ExtensibilityGlobals) = postSolution
		SolutionGuid = {6467C57A-09C8-44F5-88AC-95F87E14ED73}
	EndGlobalSection
	GlobalSection(NestedProjects) = preSolution
		{D50C3657-84AF-4631-9291-21EEF38F94B6} = {50AF4859-D9C1-465A-97E5-66B7B944FE7D}
		{DED8434F-5A66-487D-A851-DC06DF32242D} = {D50C3657-84AF-4631-9291-21EEF38F94B6}
	EndGlobalSection
EndGlobal
