{
  "version": 2,
  "dependencies": {
    "net8.0": {
      "BepInEx.AssemblyPublicizer.MSBuild": {
        "type": "Direct",
        "requested": "[0.4.2, )",
        "resolved": "0.4.2",
        "contentHash": "AwGR6zOQxhWPWmcMdmhCaawC2qYdYHttkGmlXxyvhB1EIUAtuILEle8kKSkzElnbFGZjvw6iabpFi+AYUG4IuA=="
      },
      "ErrorProne.NET.CoreAnalyzers": {
        "type": "Direct",
        "requested": "[0.7.0-beta.1, )",
        "resolved": "0.7.0-beta.1",
        "contentHash": "c+Tcp88i2Z+nrUYqEEHroE3tyj57n6F9CB4DDRsPJatWn2RNB2mAmAVVXVg8PcE7QPlUCHD2QURJzKluDQlW5Q=="
      },
      "ErrorProne.NET.Structs": {
        "type": "Direct",
        "requested": "[0.6.1-beta.1, )",
        "resolved": "0.6.1-beta.1",
        "contentHash": "NE/uA2yqAu3CqP0IHa8Cnn4tu87/KOBdkkec4w82ttatWYak1ewFda3pC7Qq0Sdz6vrq/Q+CyGqPrn//y6wLZg=="
      },
      "FileWatcherEx": {
        "type": "Direct",
        "requested": "[2.6.0, )",
        "resolved": "2.6.0",
        "contentHash": "zHDfVCmqguDYzcRhUmsAzUVBMm5G3nvkD5+p3/f5TjqPHcxFvDoEfSKvxZ4/Mid6fVDZJOU+7xxittk+AIE2Bw=="
      },
      "Flurl.Http": {
        "type": "Direct",
        "requested": "[4.0.2, )",
        "resolved": "4.0.2",
        "contentHash": "9vCqFFyceA11yplkFD8AbCFFTvG1Lrw3tpsgOpL5sLUc28p6zcvGszNleuT6nDymRvtt5eS+rqUX+bRztg1fhA==",
        "dependencies": {
          "Flurl": "4.0.0"
        }
      },
      "MinVer": {
        "type": "Direct",
        "requested": "[6.0.0, )",
        "resolved": "6.0.0",
        "contentHash": "+/SsmiySsXJlvQLCGBqaZKNVt3s/Y/HbAdwtop7Km2CnuZbaScoqkWJEBQ5Cy9ebkn6kCYKrHsXgwrFdTgcb3g=="
      },
      "NLog": {
        "type": "Direct",
        "requested": "[5.3.4, )",
        "resolved": "5.3.4",
        "contentHash": "gLy7+O1hEYJXIlcTr1/VWjGXrZTQFZzYNO18IWasD64pNwz0BreV+nHLxWKXWZzERRzoKnsk2XYtwLkTVk7J1A=="
      },
      "PortableJsonSettingsProvider": {
        "type": "Direct",
        "requested": "[0.2.2, )",
        "resolved": "0.2.2",
        "contentHash": "BQ1D1Y1aWqyV6RhxEtzJGqx0whc/caiwEZZCY/vhz6ON5ZBPYUSsARdezG0wUjgBPGxX45U3tDHcawW6bQrqgg==",
        "dependencies": {
          "Newtonsoft.Json": "13.0.3",
          "System.Configuration.ConfigurationManager": "7.0.0"
        }
      },
      "PuppeteerSharp": {
        "type": "Direct",
        "requested": "[8.0.0, )",
        "resolved": "8.0.0",
        "contentHash": "UzYsY+p8kWbCycYFsvrppIHlEITDG7bjoiSD5VIouv0uzy2vDSdUzUCp2tXgV5QmWRKzqafTo8uGGEn16D0RMQ==",
        "dependencies": {
          "Microsoft.AspNetCore.WebUtilities": "2.2.0",
          "Microsoft.Bcl.AsyncInterfaces": "1.1.0",
          "Microsoft.Extensions.Logging": "2.0.2",
          "Newtonsoft.Json": "13.0.1",
          "SharpZipLib": "1.3.3",
          "System.Text.Encodings.Web": "6.0.0"
        }
      },
      "WindowsShortcutFactory": {
        "type": "Direct",
        "requested": "[1.2.0, )",
        "resolved": "1.2.0",
        "contentHash": "N6T0AWtPK6Qs5SLMJDyzdbEWntvueSyzzHAMW46RYk8lY9211JYuDaXPBU73BftPaPnOuNYyafdy7NznJRjg5A=="
      },
      "WmiLight": {
        "type": "Direct",
        "requested": "[6.9.1, )",
        "resolved": "6.9.1",
        "contentHash": "TDQm/8wtenGNZw4NzSdOZuo+ox32Ix6/f1mxIaYEBaTJ+h8RjRhCQeAXpM0dXCOPTYKnlPpbuDZ5VeCL/hxiDA=="
      },
      "Flurl": {
        "type": "Transitive",
        "resolved": "4.0.0",
        "contentHash": "rpts69yYgvJqg6PPgqShBQEZ4aNzWQqWpWppcT0oDWxDCIsBqiod4pj6LQZdhk+1OozLFagemldMRACdHF3CsA=="
      },
      "Microsoft.AspNetCore.WebUtilities": {
        "type": "Transitive",
        "resolved": "2.2.0",
        "contentHash": "9ErxAAKaDzxXASB/b5uLEkLgUWv1QbeVxyJYEHQwMaxXOeFFVkQxiq8RyfVcifLU7NR0QY0p3acqx4ZpYfhHDg==",
        "dependencies": {
          "Microsoft.Net.Http.Headers": "2.2.0",
          "System.Text.Encodings.Web": "4.5.0"
        }
      },
      "Microsoft.Bcl.AsyncInterfaces": {
        "type": "Transitive",
        "resolved": "1.1.0",
        "contentHash": "1Am6l4Vpn3/K32daEqZI+FFr96OlZkgwK2LcT3pZ2zWubR5zTPW3/FkO1Rat9kb7oQOa4rxgl9LJHc5tspCWfg=="
      },
      "Microsoft.Extensions.DependencyInjection.Abstractions": {
        "type": "Transitive",
        "resolved": "2.0.0",
        "contentHash": "eUdJ0Q/GfVyUJc0Jal5L1QZLceL78pvEM9wEKcHeI24KorqMDoVX+gWsMGLulQMfOwsUaPtkpQM2pFERTzSfSg=="
      },
      "Microsoft.Extensions.Logging": {
        "type": "Transitive",
        "resolved": "2.0.2",
        "contentHash": "yWnhg6DXApp14wxbODmSfCKv2fEZmxdEPYINXv73jtdIxw3wORIdLG2LniCNIcGMn4V/6CwZcTlq82wHhnZYOA==",
        "dependencies": {
          "Microsoft.Extensions.DependencyInjection.Abstractions": "2.0.0",
          "Microsoft.Extensions.Logging.Abstractions": "2.0.2",
          "Microsoft.Extensions.Options": "2.0.2"
        }
      },
      "Microsoft.Extensions.Logging.Abstractions": {
        "type": "Transitive",
        "resolved": "2.0.2",
        "contentHash": "xH49DgYQWwxB4r18Yc3SyYCXXrFpcLnVfxJlp4WktMfYHtNRbqd2Phdf6XQ0G91whVlKb2XZsOAY6be2AMWE+g=="
      },
      "Microsoft.Extensions.Options": {
        "type": "Transitive",
        "resolved": "2.0.2",
        "contentHash": "LnDPWzNWaMG3LusEXVCfODBcsCb2LpZ1xaUSojMXj4jhQkTJ7uDQH9dhkN4isJZSKeT5lXtW9s2hUY2S9F5E9Q==",
        "dependencies": {
          "Microsoft.Extensions.DependencyInjection.Abstractions": "2.0.0",
          "Microsoft.Extensions.Primitives": "2.0.0"
        }
      },
      "Microsoft.Extensions.Primitives": {
        "type": "Transitive",
        "resolved": "2.2.0",
        "contentHash": "azyQtqbm4fSaDzZHD/J+V6oWMFaf2tWP4WEGIYePLCMw3+b2RQdj9ybgbQyjCshcitQKQ4lEDOZjmSlTTrHxUg==",
        "dependencies": {
          "System.Memory": "4.5.1",
          "System.Runtime.CompilerServices.Unsafe": "4.5.1"
        }
      },
      "Microsoft.Net.Http.Headers": {
        "type": "Transitive",
        "resolved": "2.2.0",
        "contentHash": "iZNkjYqlo8sIOI0bQfpsSoMTmB/kyvmV2h225ihyZT33aTp48ZpF6qYnXxzSXmHt8DpBAwBTX+1s1UFLbYfZKg==",
        "dependencies": {
          "Microsoft.Extensions.Primitives": "2.2.0",
          "System.Buffers": "4.5.0"
        }
      },
      "Microsoft.Win32.SystemEvents": {
        "type": "Transitive",
        "resolved": "7.0.0",
        "contentHash": "2nXPrhdAyAzir0gLl8Yy8S5Mnm/uBSQQA7jEsILOS1MTyS7DbmV1NgViMtvV1sfCD1ebITpNwb1NIinKeJgUVQ=="
      },
      "Newtonsoft.Json": {
        "type": "Transitive",
        "resolved": "13.0.3",
        "contentHash": "HrC5BXdl00IP9zeV+0Z848QWPAoCr9P3bDEZguI+gkLcBKAOxix/tLEAAHC+UvDNPv4a2d18lOReHMOagPa+zQ=="
      },
      "SharpZipLib": {
        "type": "Transitive",
        "resolved": "1.3.3",
        "contentHash": "N8+hwhsKZm25tDJfWpBSW7EGhH/R7EMuiX+KJ4C4u+fCWVc1lJ5zg1u3S1RPPVYgTqhx/C3hxrqUpi6RwK5+Tg=="
      },
      "System.Buffers": {
        "type": "Transitive",
        "resolved": "4.5.0",
        "contentHash": "pL2ChpaRRWI/p4LXyy4RgeWlYF2sgfj/pnVMvBqwNFr5cXg7CXNnWZWxrOONLg8VGdFB8oB+EG2Qw4MLgTOe+A=="
      },
      "System.Configuration.ConfigurationManager": {
        "type": "Transitive",
        "resolved": "7.0.0",
        "contentHash": "WvRUdlL1lB0dTRZSs5XcQOd5q9MYNk90GkbmRmiCvRHThWiojkpGqWdmEDJdXyHbxG/BhE5hmVbMfRLXW9FJVA==",
        "dependencies": {
          "System.Diagnostics.EventLog": "7.0.0",
          "System.Security.Cryptography.ProtectedData": "7.0.0",
          "System.Security.Permissions": "7.0.0"
        }
      },
      "System.Diagnostics.EventLog": {
        "type": "Transitive",
        "resolved": "7.0.0",
        "contentHash": "eUDP47obqQm3SFJfP6z+Fx2nJ4KKTQbXB4Q9Uesnzw9SbYdhjyoGXuvDn/gEmFY6N5Z3bFFbpAQGA7m6hrYJCw=="
      },
      "System.Drawing.Common": {
        "type": "Transitive",
        "resolved": "7.0.0",
        "contentHash": "KIX+oBU38pxkKPxvLcLfIkOV5Ien8ReN78wro7OF5/erwcmortzeFx+iBswlh2Vz6gVne0khocQudGwaO1Ey6A==",
        "dependencies": {
          "Microsoft.Win32.SystemEvents": "7.0.0"
        }
      },
      "System.Memory": {
        "type": "Transitive",
        "resolved": "4.5.1",
        "contentHash": "sDJYJpGtTgx+23Ayu5euxG5mAXWdkDb4+b0rD0Cab0M1oQS9H0HXGPriKcqpXuiJDTV7fTp/d+fMDJmnr6sNvA=="
      },
      "System.Runtime.CompilerServices.Unsafe": {
        "type": "Transitive",
        "resolved": "6.0.0",
        "contentHash": "/iUeP3tq1S0XdNNoMz5C9twLSrM/TH+qElHkXWaPvuNOt+99G75NrV0OS2EqHx5wMN7popYjpc8oTjC1y16DLg=="
      },
      "System.Security.Cryptography.ProtectedData": {
        "type": "Transitive",
        "resolved": "7.0.0",
        "contentHash": "xSPiLNlHT6wAHtugASbKAJwV5GVqQK351crnILAucUioFqqieDN79evO1rku1ckt/GfjIn+b17UaSskoY03JuA=="
      },
      "System.Security.Permissions": {
        "type": "Transitive",
        "resolved": "7.0.0",
        "contentHash": "Vmp0iRmCEno9BWiskOW5pxJ3d9n+jUqKxvX4GhLwFhnQaySZmBN2FuC0N5gjFHgyFMUjC5sfIJ8KZfoJwkcMmA==",
        "dependencies": {
          "System.Windows.Extensions": "7.0.0"
        }
      },
      "System.Text.Encodings.Web": {
        "type": "Transitive",
        "resolved": "6.0.0",
        "contentHash": "Vg8eB5Tawm1IFqj4TVK1czJX89rhFxJo9ELqc/Eiq0eXy13RK00eubyU6TJE6y+GQXjyV5gSfiewDUZjQgSE0w==",
        "dependencies": {
          "System.Runtime.CompilerServices.Unsafe": "6.0.0"
        }
      },
      "System.Windows.Extensions": {
        "type": "Transitive",
        "resolved": "7.0.0",
        "contentHash": "bR4qdCmssMMbo9Fatci49An5B1UaVJZHKNq70PRgzoLYIlitb8Tj7ns/Xt5Pz1CkERiTjcVBDU2y1AVrPBYkaw==",
        "dependencies": {
          "System.Drawing.Common": "7.0.0"
        }
      }
    },
    "net8.0/linux-x64": {
      "WmiLight": {
        "type": "Direct",
        "requested": "[6.9.1, )",
        "resolved": "6.9.1",
        "contentHash": "TDQm/8wtenGNZw4NzSdOZuo+ox32Ix6/f1mxIaYEBaTJ+h8RjRhCQeAXpM0dXCOPTYKnlPpbuDZ5VeCL/hxiDA=="
      },
      "Microsoft.Win32.SystemEvents": {
        "type": "Transitive",
        "resolved": "7.0.0",
        "contentHash": "2nXPrhdAyAzir0gLl8Yy8S5Mnm/uBSQQA7jEsILOS1MTyS7DbmV1NgViMtvV1sfCD1ebITpNwb1NIinKeJgUVQ=="
      },
      "System.Diagnostics.EventLog": {
        "type": "Transitive",
        "resolved": "7.0.0",
        "contentHash": "eUDP47obqQm3SFJfP6z+Fx2nJ4KKTQbXB4Q9Uesnzw9SbYdhjyoGXuvDn/gEmFY6N5Z3bFFbpAQGA7m6hrYJCw=="
      },
      "System.Drawing.Common": {
        "type": "Transitive",
        "resolved": "7.0.0",
        "contentHash": "KIX+oBU38pxkKPxvLcLfIkOV5Ien8ReN78wro7OF5/erwcmortzeFx+iBswlh2Vz6gVne0khocQudGwaO1Ey6A==",
        "dependencies": {
          "Microsoft.Win32.SystemEvents": "7.0.0"
        }
      },
      "System.Security.Cryptography.ProtectedData": {
        "type": "Transitive",
        "resolved": "7.0.0",
        "contentHash": "xSPiLNlHT6wAHtugASbKAJwV5GVqQK351crnILAucUioFqqieDN79evO1rku1ckt/GfjIn+b17UaSskoY03JuA=="
      },
      "System.Text.Encodings.Web": {
        "type": "Transitive",
        "resolved": "6.0.0",
        "contentHash": "Vg8eB5Tawm1IFqj4TVK1czJX89rhFxJo9ELqc/Eiq0eXy13RK00eubyU6TJE6y+GQXjyV5gSfiewDUZjQgSE0w==",
        "dependencies": {
          "System.Runtime.CompilerServices.Unsafe": "6.0.0"
        }
      },
      "System.Windows.Extensions": {
        "type": "Transitive",
        "resolved": "7.0.0",
        "contentHash": "bR4qdCmssMMbo9Fatci49An5B1UaVJZHKNq70PRgzoLYIlitb8Tj7ns/Xt5Pz1CkERiTjcVBDU2y1AVrPBYkaw==",
        "dependencies": {
          "System.Drawing.Common": "7.0.0"
        }
      }
    },
    "net8.0/osx-x64": {
      "WmiLight": {
        "type": "Direct",
        "requested": "[6.9.1, )",
        "resolved": "6.9.1",
        "contentHash": "TDQm/8wtenGNZw4NzSdOZuo+ox32Ix6/f1mxIaYEBaTJ+h8RjRhCQeAXpM0dXCOPTYKnlPpbuDZ5VeCL/hxiDA=="
      },
      "Microsoft.Win32.SystemEvents": {
        "type": "Transitive",
        "resolved": "7.0.0",
        "contentHash": "2nXPrhdAyAzir0gLl8Yy8S5Mnm/uBSQQA7jEsILOS1MTyS7DbmV1NgViMtvV1sfCD1ebITpNwb1NIinKeJgUVQ=="
      },
      "System.Diagnostics.EventLog": {
        "type": "Transitive",
        "resolved": "7.0.0",
        "contentHash": "eUDP47obqQm3SFJfP6z+Fx2nJ4KKTQbXB4Q9Uesnzw9SbYdhjyoGXuvDn/gEmFY6N5Z3bFFbpAQGA7m6hrYJCw=="
      },
      "System.Drawing.Common": {
        "type": "Transitive",
        "resolved": "7.0.0",
        "contentHash": "KIX+oBU38pxkKPxvLcLfIkOV5Ien8ReN78wro7OF5/erwcmortzeFx+iBswlh2Vz6gVne0khocQudGwaO1Ey6A==",
        "dependencies": {
          "Microsoft.Win32.SystemEvents": "7.0.0"
        }
      },
      "System.Security.Cryptography.ProtectedData": {
        "type": "Transitive",
        "resolved": "7.0.0",
        "contentHash": "xSPiLNlHT6wAHtugASbKAJwV5GVqQK351crnILAucUioFqqieDN79evO1rku1ckt/GfjIn+b17UaSskoY03JuA=="
      },
      "System.Text.Encodings.Web": {
        "type": "Transitive",
        "resolved": "6.0.0",
        "contentHash": "Vg8eB5Tawm1IFqj4TVK1czJX89rhFxJo9ELqc/Eiq0eXy13RK00eubyU6TJE6y+GQXjyV5gSfiewDUZjQgSE0w==",
        "dependencies": {
          "System.Runtime.CompilerServices.Unsafe": "6.0.0"
        }
      },
      "System.Windows.Extensions": {
        "type": "Transitive",
        "resolved": "7.0.0",
        "contentHash": "bR4qdCmssMMbo9Fatci49An5B1UaVJZHKNq70PRgzoLYIlitb8Tj7ns/Xt5Pz1CkERiTjcVBDU2y1AVrPBYkaw==",
        "dependencies": {
          "System.Drawing.Common": "7.0.0"
        }
      }
    },
    "net8.0/win-x64": {
      "WmiLight": {
        "type": "Direct",
        "requested": "[6.9.1, )",
        "resolved": "6.9.1",
        "contentHash": "TDQm/8wtenGNZw4NzSdOZuo+ox32Ix6/f1mxIaYEBaTJ+h8RjRhCQeAXpM0dXCOPTYKnlPpbuDZ5VeCL/hxiDA=="
      },
      "Microsoft.Win32.SystemEvents": {
        "type": "Transitive",
        "resolved": "7.0.0",
        "contentHash": "2nXPrhdAyAzir0gLl8Yy8S5Mnm/uBSQQA7jEsILOS1MTyS7DbmV1NgViMtvV1sfCD1ebITpNwb1NIinKeJgUVQ=="
      },
      "System.Diagnostics.EventLog": {
        "type": "Transitive",
        "resolved": "7.0.0",
        "contentHash": "eUDP47obqQm3SFJfP6z+Fx2nJ4KKTQbXB4Q9Uesnzw9SbYdhjyoGXuvDn/gEmFY6N5Z3bFFbpAQGA7m6hrYJCw=="
      },
      "System.Drawing.Common": {
        "type": "Transitive",
        "resolved": "7.0.0",
        "contentHash": "KIX+oBU38pxkKPxvLcLfIkOV5Ien8ReN78wro7OF5/erwcmortzeFx+iBswlh2Vz6gVne0khocQudGwaO1Ey6A==",
        "dependencies": {
          "Microsoft.Win32.SystemEvents": "7.0.0"
        }
      },
      "System.Security.Cryptography.ProtectedData": {
        "type": "Transitive",
        "resolved": "7.0.0",
        "contentHash": "xSPiLNlHT6wAHtugASbKAJwV5GVqQK351crnILAucUioFqqieDN79evO1rku1ckt/GfjIn+b17UaSskoY03JuA=="
      },
      "System.Text.Encodings.Web": {
        "type": "Transitive",
        "resolved": "6.0.0",
        "contentHash": "Vg8eB5Tawm1IFqj4TVK1czJX89rhFxJo9ELqc/Eiq0eXy13RK00eubyU6TJE6y+GQXjyV5gSfiewDUZjQgSE0w==",
        "dependencies": {
          "System.Runtime.CompilerServices.Unsafe": "6.0.0"
        }
      },
      "System.Windows.Extensions": {
        "type": "Transitive",
        "resolved": "7.0.0",
        "contentHash": "bR4qdCmssMMbo9Fatci49An5B1UaVJZHKNq70PRgzoLYIlitb8Tj7ns/Xt5Pz1CkERiTjcVBDU2y1AVrPBYkaw==",
        "dependencies": {
          "System.Drawing.Common": "7.0.0"
        }
      }
    }
  }
}