{
  "version": 2,
  "dependencies": {
    "net10.0": {
      "Avalonia": {
        "type": "Direct",
        "requested": "[11.3.11, )",
        "resolved": "11.3.11",
        "contentHash": "N+LjdoGLOD2Rio1JK0VlSMEB2opGZpq8/Vs5LV16eAnbjFeXdqY5uwmURFKb1rJ9McyMZQT3Kf2/DecmKqrLEw==",
        "dependencies": {
          "Avalonia.BuildServices": "11.3.2",
          "Avalonia.Remote.Protocol": "11.3.11",
          "MicroCom.Runtime": "0.11.0"
        }
      },
      "Avalonia.Desktop": {
        "type": "Direct",
        "requested": "[11.3.11, )",
        "resolved": "11.3.11",
        "contentHash": "m60U1jV96RquwYGg4Pzwp0ENL1HUrM3YZLMCes0gWRn8x+webT9V4Wfs58MAdTOukXPpy9t1XhEd4NON674Wmw==",
        "dependencies": {
          "Avalonia": "11.3.11",
          "Avalonia.Native": "11.3.11",
          "Avalonia.Skia": "11.3.11",
          "Avalonia.Win32": "11.3.11",
          "Avalonia.X11": "11.3.11"
        }
      },
      "Avalonia.Diagnostics": {
        "type": "Direct",
        "requested": "[11.3.11, )",
        "resolved": "11.3.11",
        "contentHash": "gqKcPTGRZG/ocet5vOmQrIpf+gQU4mOS3mVwIisSv1GAKA/+JmNcnp5ouaKikLbdGt7Qcw2ZKl+daMws9y6/mg==",
        "dependencies": {
          "Avalonia": "11.3.11",
          "Avalonia.Controls.ColorPicker": "11.3.11",
          "Avalonia.Themes.Simple": "11.3.11"
        }
      },
      "ErrorProne.NET.CoreAnalyzers": {
        "type": "Direct",
        "requested": "[0.8.2-beta.1, )",
        "resolved": "0.8.2-beta.1",
        "contentHash": "8zTBD0fGHSZzwUCqm7b9DykXDBWA8swQ71mB9Jli2n8MYThLrqnJL9xK3rNol21oGFn0q/JfaGYJbSheTXqeYA=="
      },
      "ErrorProne.NET.Structs": {
        "type": "Direct",
        "requested": "[0.6.1-beta.1, )",
        "resolved": "0.6.1-beta.1",
        "contentHash": "NE/uA2yqAu3CqP0IHa8Cnn4tu87/KOBdkkec4w82ttatWYak1ewFda3pC7Qq0Sdz6vrq/Q+CyGqPrn//y6wLZg=="
      },
      "FluentAvaloniaUI": {
        "type": "Direct",
        "requested": "[2.5.0, )",
        "resolved": "2.5.0",
        "contentHash": "DayZu5Mqn5nXwji1/Ya9Y4BSS638D5NrjsFsdcTUyqXkoHSv+VQFWQtg6QzkINjKqSDSnzXfFFZXIVT7k9jt5g==",
        "dependencies": {
          "Avalonia": "11.3.10",
          "Avalonia.Controls.ColorPicker": "11.3.10",
          "Avalonia.Controls.DataGrid": "11.3.10",
          "Avalonia.Skia": "11.3.10",
          "MicroCom.Runtime": "0.11.0"
        }
      },
      "Microsoft.NET.ILLink.Tasks": {
        "type": "Direct",
        "requested": "[10.0.2, )",
        "resolved": "10.0.2",
        "contentHash": "sXdDtMf2qcnbygw9OdE535c2lxSxrZP8gO4UhDJ0xiJbl1wIqXS1OTcTDFTIJPOFd6Mhcm8gPEthqWGUxBsTqw=="
      },
      "MinVer": {
        "type": "Direct",
        "requested": "[7.0.0, )",
        "resolved": "7.0.0",
        "contentHash": "2lMTCQl5bGP4iv0JNkockPnyllC6eHLz+CoK2ICvalvHod+exXSxueu9hq+zNkU7bZBJf8wMfeRC/Edn8AGmEg=="
      },
      "NLog": {
        "type": "Direct",
        "requested": "[6.1.0, )",
        "resolved": "6.1.0",
        "contentHash": "K4UdxS4fuJeCM0sm+JTXWoJgOtcXX7X5kvE94bR07UB8JOB6A2+ski7q1tf2qdv+N0H3gsoWtteScJCHa3+zpw=="
      },
      "ReactiveUI.Avalonia": {
        "type": "Direct",
        "requested": "[11.3.8, )",
        "resolved": "11.3.8",
        "contentHash": "8GtFnYCyjcuTlGuUhvMMrY/sUmjuzSQbbtNQ3LYZEW7tkzXixDYnHZzqZU73W+NOnq2sBxds7gSUO52igFWVUw==",
        "dependencies": {
          "Avalonia": "11.3.8",
          "ReactiveUI": "22.2.1",
          "Splat": "17.1.1"
        }
      },
      "ReactiveUI.SourceGenerators": {
        "type": "Direct",
        "requested": "[2.6.1, )",
        "resolved": "2.6.1",
        "contentHash": "QU2EQZriHX9gvUx9Y3Eb0yZYzCGJbBnbSZQMmoH90ROzLNzDsslFFqz/bX89EmcMfr+8cOK3/b80zub3X/erHw==",
        "dependencies": {
          "ReactiveUI.SourceGenerators.Analyzers.CodeFixes": "2.6.1"
        }
      },
      "Semver": {
        "type": "Direct",
        "requested": "[3.0.0, )",
        "resolved": "3.0.0",
        "contentHash": "9jZCicsVgTebqkAujRWtC9J1A5EQVlu0TVKHcgoCuv345ve5DYf4D1MjhKEnQjdRZo6x/vdv6QQrYFs7ilGzLA==",
        "dependencies": {
          "Microsoft.Extensions.Primitives": "5.0.1"
        }
      },
      "Avalonia.Angle.Windows.Natives": {
        "type": "Transitive",
        "resolved": "2.1.25547.20250602",
        "contentHash": "ZL0VLc4s9rvNNFt19Pxm5UNAkmKNylugAwJPX9ulXZ6JWs/l6XZihPWWTyezaoNOVyEPU8YbURtW7XMAtqXH5A=="
      },
      "Avalonia.BuildServices": {
        "type": "Transitive",
        "resolved": "11.3.2",
        "contentHash": "qHDToxto1e3hci5YqbG9n0Ty8mlp3zBUN5wT66wKqaDVzXyQ0do3EnRILd4Ke9jpvsktaPpgE0YjEk7hornryQ=="
      },
      "Avalonia.Controls.ColorPicker": {
        "type": "Transitive",
        "resolved": "11.3.11",
        "contentHash": "2i5dvZcizAtumywPRravU0/0lLsa8F+n3cTyt2ZpXAwnqnE+eeuozl9Q23YnE69BpROC5wXYrjogXhWcUPks4g==",
        "dependencies": {
          "Avalonia": "11.3.11",
          "Avalonia.Remote.Protocol": "11.3.11"
        }
      },
      "Avalonia.Controls.DataGrid": {
        "type": "Transitive",
        "resolved": "11.3.10",
        "contentHash": "KSwme0XOL8594fFvoQ37s5rnSo9vCKutCpufCEmd0R7x/fRWOjK3g3su1Z3nukgbobryPVjQvZxi/E92DPPYpw==",
        "dependencies": {
          "Avalonia": "11.3.10"
        }
      },
      "Avalonia.FreeDesktop": {
        "type": "Transitive",
        "resolved": "11.3.11",
        "contentHash": "kmmYhKVWAFAz064K4FYTqVOk/Oin6DWp5LfzVNISz3BP4YYUZdrGyglxhjbS6t8iOyzMnAoHCrNs1Pw+BRFYUQ==",
        "dependencies": {
          "Avalonia": "11.3.11",
          "Tmds.DBus.Protocol": "0.21.2"
        }
      },
      "Avalonia.Native": {
        "type": "Transitive",
        "resolved": "11.3.11",
        "contentHash": "21XxwcOCYuf7fSYBsc4sF7CS0xNK80iDFyXyK9L4awnrjZOJjMuNSGiJ2L5+RQQkXnXaB8ECvMAWN3e/9WN3aw==",
        "dependencies": {
          "Avalonia": "11.3.11"
        }
      },
      "Avalonia.Remote.Protocol": {
        "type": "Transitive",
        "resolved": "11.3.11",
        "contentHash": "kooZKlJb0DkzJYFzYTgChqAr+pOBq64FyNuvjpBLBmqTTTj/f+d7XyPvdNFgPsvyY3sa4X/W79t6hQnyWmM4zw=="
      },
      "Avalonia.Skia": {
        "type": "Transitive",
        "resolved": "11.3.11",
        "contentHash": "7XynAFWmUR0pEXj6dY8ezpFkeMpNTGNvz1Vf2kLKQawJiv1MKdxzbehDXG9v4A0l2oBLd5m92Dme1/EKH7oj5g==",
        "dependencies": {
          "Avalonia": "11.3.11",
          "HarfBuzzSharp": "8.3.1.1",
          "HarfBuzzSharp.NativeAssets.Linux": "8.3.1.1",
          "HarfBuzzSharp.NativeAssets.WebAssembly": "8.3.1.1",
          "SkiaSharp": "2.88.9",
          "SkiaSharp.NativeAssets.Linux": "2.88.9",
          "SkiaSharp.NativeAssets.WebAssembly": "2.88.9"
        }
      },
      "Avalonia.Themes.Simple": {
        "type": "Transitive",
        "resolved": "11.3.11",
        "contentHash": "vrCD6Kz4nm4dKA7j3s7nTLxdlsQ+ru7iv45FDwRfys0QhrKK4deq40RxUgfREGvFfCNMD2b9EEerieU3uFSTkw==",
        "dependencies": {
          "Avalonia": "11.3.11"
        }
      },
      "Avalonia.Win32": {
        "type": "Transitive",
        "resolved": "11.3.11",
        "contentHash": "hFOuFHuhOIiB1p4XtTYnIFHvVazCQwotlPW/iUPObUHQY6qoDYqzPIZIELZiLtUIs9zHA55DWvpmW/l4rDuuAQ==",
        "dependencies": {
          "Avalonia": "11.3.11",
          "Avalonia.Angle.Windows.Natives": "2.1.25547.20250602"
        }
      },
      "Avalonia.X11": {
        "type": "Transitive",
        "resolved": "11.3.11",
        "contentHash": "ZhNHTe8n0w7+Xkxgt13WidSZudHKiDQfDDv/jEDJ4ffdh6z4oKjkPrVUer0ECgEENOR2iCLvFNlaDi5glZ66SA==",
        "dependencies": {
          "Avalonia": "11.3.11",
          "Avalonia.FreeDesktop": "11.3.11",
          "Avalonia.Skia": "11.3.11"
        }
      },
      "DynamicData": {
        "type": "Transitive",
        "resolved": "9.4.1",
        "contentHash": "+SoDTbuzY9j0K+sZfRbbVpGjjylkVMhUQnw6qiPhxzYLBJlwxFpmunXSaNBtTxwC2C9d/XIp0kO7VhMAVuUt7w==",
        "dependencies": {
          "System.Reactive": "6.0.1"
        }
      },
      "Flurl": {
        "type": "Transitive",
        "resolved": "4.0.0",
        "contentHash": "rpts69yYgvJqg6PPgqShBQEZ4aNzWQqWpWppcT0oDWxDCIsBqiod4pj6LQZdhk+1OozLFagemldMRACdHF3CsA=="
      },
      "HarfBuzzSharp": {
        "type": "Transitive",
        "resolved": "8.3.1.1",
        "contentHash": "tLZN66oe/uiRPTZfrCU4i8ScVGwqHNh5MHrXj0yVf4l7Mz0FhTGnQ71RGySROTmdognAs0JtluHkL41pIabWuQ==",
        "dependencies": {
          "HarfBuzzSharp.NativeAssets.Win32": "8.3.1.1",
          "HarfBuzzSharp.NativeAssets.macOS": "8.3.1.1"
        }
      },
      "HarfBuzzSharp.NativeAssets.Linux": {
        "type": "Transitive",
        "resolved": "8.3.1.1",
        "contentHash": "3EZ1mpIiKWRLL5hUYA82ZHteeDIVaEA/Z0rA/wU6tjx6crcAkJnBPwDXZugBSfo8+J3EznvRJf49uMsqYfKrHg=="
      },
      "HarfBuzzSharp.NativeAssets.macOS": {
        "type": "Transitive",
        "resolved": "8.3.1.1",
        "contentHash": "jbtCsgftcaFLCA13tVKo5iWdElJScrulLTKJre36O4YQTIlwDtPPqhRZNk+Y0vv4D1gxbscasGRucUDfS44ofQ=="
      },
      "HarfBuzzSharp.NativeAssets.WebAssembly": {
        "type": "Transitive",
        "resolved": "8.3.1.1",
        "contentHash": "loJweK2u/mH/3C2zBa0ggJlITIszOkK64HLAZB7FUT670dTg965whLFYHDQo69NmC4+d9UN0icLC9VHidXaVCA=="
      },
      "HarfBuzzSharp.NativeAssets.Win32": {
        "type": "Transitive",
        "resolved": "8.3.1.1",
        "contentHash": "UsJtQsfAJoFDZrXc4hCUfRPMqccfKZ0iumJ/upcUjz/cmsTgVFGNEL5yaJWmkqsuFYdMWbj/En5/kS4PFl9hBA=="
      },
      "MicroCom.Runtime": {
        "type": "Transitive",
        "resolved": "0.11.0",
        "contentHash": "MEnrZ3UIiH40hjzMDsxrTyi8dtqB5ziv3iBeeU4bXsL/7NLSal9F1lZKpK+tfBRnUoDSdtcW3KufE4yhATOMCA=="
      },
      "Microsoft.AspNetCore.WebUtilities": {
        "type": "Transitive",
        "resolved": "2.2.0",
        "contentHash": "9ErxAAKaDzxXASB/b5uLEkLgUWv1QbeVxyJYEHQwMaxXOeFFVkQxiq8RyfVcifLU7NR0QY0p3acqx4ZpYfhHDg==",
        "dependencies": {
          "Microsoft.Net.Http.Headers": "2.2.0"
        }
      },
      "Microsoft.Bcl.AsyncInterfaces": {
        "type": "Transitive",
        "resolved": "1.1.0",
        "contentHash": "1Am6l4Vpn3/K32daEqZI+FFr96OlZkgwK2LcT3pZ2zWubR5zTPW3/FkO1Rat9kb7oQOa4rxgl9LJHc5tspCWfg=="
      },
      "Microsoft.Extensions.DependencyInjection.Abstractions": {
        "type": "Transitive",
        "resolved": "2.0.0",
        "contentHash": "eUdJ0Q/GfVyUJc0Jal5L1QZLceL78pvEM9wEKcHeI24KorqMDoVX+gWsMGLulQMfOwsUaPtkpQM2pFERTzSfSg=="
      },
      "Microsoft.Extensions.Logging": {
        "type": "Transitive",
        "resolved": "2.0.2",
        "contentHash": "yWnhg6DXApp14wxbODmSfCKv2fEZmxdEPYINXv73jtdIxw3wORIdLG2LniCNIcGMn4V/6CwZcTlq82wHhnZYOA==",
        "dependencies": {
          "Microsoft.Extensions.DependencyInjection.Abstractions": "2.0.0",
          "Microsoft.Extensions.Logging.Abstractions": "2.0.2",
          "Microsoft.Extensions.Options": "2.0.2"
        }
      },
      "Microsoft.Extensions.Logging.Abstractions": {
        "type": "Transitive",
        "resolved": "2.0.2",
        "contentHash": "xH49DgYQWwxB4r18Yc3SyYCXXrFpcLnVfxJlp4WktMfYHtNRbqd2Phdf6XQ0G91whVlKb2XZsOAY6be2AMWE+g=="
      },
      "Microsoft.Extensions.Options": {
        "type": "Transitive",
        "resolved": "2.0.2",
        "contentHash": "LnDPWzNWaMG3LusEXVCfODBcsCb2LpZ1xaUSojMXj4jhQkTJ7uDQH9dhkN4isJZSKeT5lXtW9s2hUY2S9F5E9Q==",
        "dependencies": {
          "Microsoft.Extensions.DependencyInjection.Abstractions": "2.0.0",
          "Microsoft.Extensions.Primitives": "2.0.0"
        }
      },
      "Microsoft.Extensions.Primitives": {
        "type": "Transitive",
        "resolved": "5.0.1",
        "contentHash": "5WPSmL4YeP7eW+Vc8XZ4DwjYWBAiSwDV9Hm63JJWcz1Ie3Xjv4KuJXzgCstj48LkLfVCYa7mLcx7y+q6yqVvtw=="
      },
      "Microsoft.Net.Http.Headers": {
        "type": "Transitive",
        "resolved": "2.2.0",
        "contentHash": "iZNkjYqlo8sIOI0bQfpsSoMTmB/kyvmV2h225ihyZT33aTp48ZpF6qYnXxzSXmHt8DpBAwBTX+1s1UFLbYfZKg==",
        "dependencies": {
          "Microsoft.Extensions.Primitives": "2.2.0"
        }
      },
      "Microsoft.Win32.SystemEvents": {
        "type": "Transitive",
        "resolved": "7.0.0",
        "contentHash": "2nXPrhdAyAzir0gLl8Yy8S5Mnm/uBSQQA7jEsILOS1MTyS7DbmV1NgViMtvV1sfCD1ebITpNwb1NIinKeJgUVQ=="
      },
      "Newtonsoft.Json": {
        "type": "Transitive",
        "resolved": "13.0.3",
        "contentHash": "HrC5BXdl00IP9zeV+0Z848QWPAoCr9P3bDEZguI+gkLcBKAOxix/tLEAAHC+UvDNPv4a2d18lOReHMOagPa+zQ=="
      },
      "ReactiveUI": {
        "type": "Transitive",
        "resolved": "22.2.1",
        "contentHash": "P0ZaWZdRVoycwfcEpkC8C/b9mbEJmueTPkBA4PON9NiopGjUY2YhIP5Dm8lki/FLH9aiKt18NXsDwv/mgO/1Dw==",
        "dependencies": {
          "DynamicData": "9.4.1",
          "Splat": "17.1.1",
          "System.Reactive": "6.1.0"
        }
      },
      "ReactiveUI.SourceGenerators.Analyzers.CodeFixes": {
        "type": "Transitive",
        "resolved": "2.6.1",
        "contentHash": "zawC2el6QLXwapxg1N1Kf+8+sgd4h/QW0ruirnSvk/fuMt4PJmu6LpE00bMlIU3B3LZwMJFEbkrvB7wcs7OFKw=="
      },
      "SharpZipLib": {
        "type": "Transitive",
        "resolved": "1.3.3",
        "contentHash": "N8+hwhsKZm25tDJfWpBSW7EGhH/R7EMuiX+KJ4C4u+fCWVc1lJ5zg1u3S1RPPVYgTqhx/C3hxrqUpi6RwK5+Tg=="
      },
      "SkiaSharp": {
        "type": "Transitive",
        "resolved": "2.88.9",
        "contentHash": "3MD5VHjXXieSHCleRLuaTXmL2pD0mB7CcOB1x2kA1I4bhptf4e3R27iM93264ZYuAq6mkUyX5XbcxnZvMJYc1Q==",
        "dependencies": {
          "SkiaSharp.NativeAssets.Win32": "2.88.9",
          "SkiaSharp.NativeAssets.macOS": "2.88.9"
        }
      },
      "SkiaSharp.NativeAssets.Linux": {
        "type": "Transitive",
        "resolved": "2.88.9",
        "contentHash": "cWSaJKVPWAaT/WIn9c8T5uT/l4ETwHxNJTkEOtNKjphNo8AW6TF9O32aRkxqw3l8GUdUo66Bu7EiqtFh/XG0Zg==",
        "dependencies": {
          "SkiaSharp": "2.88.9"
        }
      },
      "SkiaSharp.NativeAssets.macOS": {
        "type": "Transitive",
        "resolved": "2.88.9",
        "contentHash": "Nv5spmKc4505Ep7oUoJ5vp3KweFpeNqxpyGDWyeEPTX2uR6S6syXIm3gj75dM0YJz7NPvcix48mR5laqs8dPuA=="
      },
      "SkiaSharp.NativeAssets.WebAssembly": {
        "type": "Transitive",
        "resolved": "2.88.9",
        "contentHash": "kt06RccBHSnAs2wDYdBSfsjIDbY3EpsOVqnlDgKdgvyuRA8ZFDaHRdWNx1VHjGgYzmnFCGiTJBnXFl5BqGwGnA=="
      },
      "SkiaSharp.NativeAssets.Win32": {
        "type": "Transitive",
        "resolved": "2.88.9",
        "contentHash": "wb2kYgU7iy84nQLYZwMeJXixvK++GoIuECjU4ECaUKNuflyRlJKyiRhN1MAHswvlvzuvkrjRWlK0Za6+kYQK7w=="
      },
      "Splat": {
        "type": "Transitive",
        "resolved": "17.1.1",
        "contentHash": "WwSoJ6aPHlXwWS2jfUtKQIgzQQDSuE/iGbqEFRcM1DKVQelf+XSfnaur6oAqzECobuJLC9nqUMeDH19gU6JDag==",
        "dependencies": {
          "Splat.Builder": "17.1.1",
          "Splat.Logging": "17.1.1",
          "System.Reactive": "6.0.2"
        }
      },
      "Splat.Builder": {
        "type": "Transitive",
        "resolved": "17.1.1",
        "contentHash": "xlA5ErMwa/mg//uC5Ajv4ns3HbWXE0VJiyfupdsLfC+1HPf2MIUUk9ViYxwearB9nkZ+mAmteVD0keBhg/LYsQ==",
        "dependencies": {
          "Splat.Core": "17.1.1",
          "System.Reactive": "6.0.2"
        }
      },
      "Splat.Core": {
        "type": "Transitive",
        "resolved": "17.1.1",
        "contentHash": "sRNcO9EcnrCMr2OF4IxD8gcHtIAfCi98GwVZEK9X294RQEBIsy7sHwy8fndlxLguIHvjDJMz85v+qd226pwdNw==",
        "dependencies": {
          "System.Reactive": "6.0.2"
        }
      },
      "Splat.Logging": {
        "type": "Transitive",
        "resolved": "17.1.1",
        "contentHash": "OSkQVj6/hYVHa0taPasaknuOLw4l8CH9oTFRNuFayDowhHtGg6+UQb2LeSJXV+EXRmUL2E/TFz2ucitnQyTXJQ==",
        "dependencies": {
          "Splat.Core": "17.1.1",
          "System.Reactive": "6.0.2"
        }
      },
      "System.Configuration.ConfigurationManager": {
        "type": "Transitive",
        "resolved": "7.0.0",
        "contentHash": "WvRUdlL1lB0dTRZSs5XcQOd5q9MYNk90GkbmRmiCvRHThWiojkpGqWdmEDJdXyHbxG/BhE5hmVbMfRLXW9FJVA==",
        "dependencies": {
          "System.Diagnostics.EventLog": "7.0.0",
          "System.Security.Cryptography.ProtectedData": "7.0.0",
          "System.Security.Permissions": "7.0.0"
        }
      },
      "System.Diagnostics.EventLog": {
        "type": "Transitive",
        "resolved": "7.0.0",
        "contentHash": "eUDP47obqQm3SFJfP6z+Fx2nJ4KKTQbXB4Q9Uesnzw9SbYdhjyoGXuvDn/gEmFY6N5Z3bFFbpAQGA7m6hrYJCw=="
      },
      "System.Drawing.Common": {
        "type": "Transitive",
        "resolved": "7.0.0",
        "contentHash": "KIX+oBU38pxkKPxvLcLfIkOV5Ien8ReN78wro7OF5/erwcmortzeFx+iBswlh2Vz6gVne0khocQudGwaO1Ey6A==",
        "dependencies": {
          "Microsoft.Win32.SystemEvents": "7.0.0"
        }
      },
      "System.Reactive": {
        "type": "Transitive",
        "resolved": "6.1.0",
        "contentHash": "M5cCC1ZMkZr9jbSQGTHnVkb5TDN67qWCV7AP8TAHdGkvDlu0puT5NzemESNn9+HkYIDpWpocP68/i+/ame2/2w=="
      },
      "System.Security.Cryptography.ProtectedData": {
        "type": "Transitive",
        "resolved": "7.0.0",
        "contentHash": "xSPiLNlHT6wAHtugASbKAJwV5GVqQK351crnILAucUioFqqieDN79evO1rku1ckt/GfjIn+b17UaSskoY03JuA=="
      },
      "System.Security.Permissions": {
        "type": "Transitive",
        "resolved": "7.0.0",
        "contentHash": "Vmp0iRmCEno9BWiskOW5pxJ3d9n+jUqKxvX4GhLwFhnQaySZmBN2FuC0N5gjFHgyFMUjC5sfIJ8KZfoJwkcMmA==",
        "dependencies": {
          "System.Windows.Extensions": "7.0.0"
        }
      },
      "System.Windows.Extensions": {
        "type": "Transitive",
        "resolved": "7.0.0",
        "contentHash": "bR4qdCmssMMbo9Fatci49An5B1UaVJZHKNq70PRgzoLYIlitb8Tj7ns/Xt5Pz1CkERiTjcVBDU2y1AVrPBYkaw==",
        "dependencies": {
          "System.Drawing.Common": "7.0.0"
        }
      },
      "Tmds.DBus.Protocol": {
        "type": "Transitive",
        "resolved": "0.21.2",
        "contentHash": "ScSMrUrrw8px4kK1Glh0fZv/HQUlg1078bNXNPfRPKQ3WbRzV9HpsydYEOgSoMK5LWICMf2bMwIFH0pGjxjcMA=="
      },
      "sfp": {
        "type": "Project",
        "dependencies": {
          "FileWatcherEx": "[2.7.0, )",
          "Flurl.Http": "[4.0.2, )",
          "NLog": "[6.1.0, )",
          "PortableJsonSettingsProvider": "[0.2.2, )",
          "PuppeteerSharp": "[8.0.0, )",
          "WindowsShortcutFactory": "[1.2.0, )",
          "WmiLight": "[7.1.0, )"
        }
      },
      "FileWatcherEx": {
        "type": "CentralTransitive",
        "requested": "[2.7.0, )",
        "resolved": "2.7.0",
        "contentHash": "gw4isJWR2mr6UDSHUOGY3lR1fh4OsSRbJOwQz9Wz2V1JMQ6I8OyHB1CG3ekgrTnj+Ik4uXdMzmlPdOfXq2FApQ=="
      },
      "Flurl.Http": {
        "type": "CentralTransitive",
        "requested": "[4.0.2, )",
        "resolved": "4.0.2",
        "contentHash": "9vCqFFyceA11yplkFD8AbCFFTvG1Lrw3tpsgOpL5sLUc28p6zcvGszNleuT6nDymRvtt5eS+rqUX+bRztg1fhA==",
        "dependencies": {
          "Flurl": "4.0.0"
        }
      },
      "PortableJsonSettingsProvider": {
        "type": "CentralTransitive",
        "requested": "[0.2.2, )",
        "resolved": "0.2.2",
        "contentHash": "BQ1D1Y1aWqyV6RhxEtzJGqx0whc/caiwEZZCY/vhz6ON5ZBPYUSsARdezG0wUjgBPGxX45U3tDHcawW6bQrqgg==",
        "dependencies": {
          "Newtonsoft.Json": "13.0.3",
          "System.Configuration.ConfigurationManager": "7.0.0"
        }
      },
      "PuppeteerSharp": {
        "type": "CentralTransitive",
        "requested": "[8.0.0, )",
        "resolved": "8.0.0",
        "contentHash": "UzYsY+p8kWbCycYFsvrppIHlEITDG7bjoiSD5VIouv0uzy2vDSdUzUCp2tXgV5QmWRKzqafTo8uGGEn16D0RMQ==",
        "dependencies": {
          "Microsoft.AspNetCore.WebUtilities": "2.2.0",
          "Microsoft.Bcl.AsyncInterfaces": "1.1.0",
          "Microsoft.Extensions.Logging": "2.0.2",
          "Newtonsoft.Json": "13.0.1",
          "SharpZipLib": "1.3.3"
        }
      },
      "WindowsShortcutFactory": {
        "type": "CentralTransitive",
        "requested": "[1.2.0, )",
        "resolved": "1.2.0",
        "contentHash": "N6T0AWtPK6Qs5SLMJDyzdbEWntvueSyzzHAMW46RYk8lY9211JYuDaXPBU73BftPaPnOuNYyafdy7NznJRjg5A=="
      },
      "WmiLight": {
        "type": "CentralTransitive",
        "requested": "[7.1.0, )",
        "resolved": "7.1.0",
        "contentHash": "kWwFsCm9Xu68hhmpI+2BXGPvMoXqNMok0d74GE1td4AEzas+J3k9dFOhtksZ4J5egVZeebXbp5zYMujzPslW6A=="
      }
    },
    "net10.0/linux-x64": {
      "Avalonia.Angle.Windows.Natives": {
        "type": "Transitive",
        "resolved": "2.1.25547.20250602",
        "contentHash": "ZL0VLc4s9rvNNFt19Pxm5UNAkmKNylugAwJPX9ulXZ6JWs/l6XZihPWWTyezaoNOVyEPU8YbURtW7XMAtqXH5A=="
      },
      "Avalonia.Native": {
        "type": "Transitive",
        "resolved": "11.3.11",
        "contentHash": "21XxwcOCYuf7fSYBsc4sF7CS0xNK80iDFyXyK9L4awnrjZOJjMuNSGiJ2L5+RQQkXnXaB8ECvMAWN3e/9WN3aw==",
        "dependencies": {
          "Avalonia": "11.3.11"
        }
      },
      "HarfBuzzSharp.NativeAssets.Linux": {
        "type": "Transitive",
        "resolved": "8.3.1.1",
        "contentHash": "3EZ1mpIiKWRLL5hUYA82ZHteeDIVaEA/Z0rA/wU6tjx6crcAkJnBPwDXZugBSfo8+J3EznvRJf49uMsqYfKrHg=="
      },
      "HarfBuzzSharp.NativeAssets.macOS": {
        "type": "Transitive",
        "resolved": "8.3.1.1",
        "contentHash": "jbtCsgftcaFLCA13tVKo5iWdElJScrulLTKJre36O4YQTIlwDtPPqhRZNk+Y0vv4D1gxbscasGRucUDfS44ofQ=="
      },
      "HarfBuzzSharp.NativeAssets.Win32": {
        "type": "Transitive",
        "resolved": "8.3.1.1",
        "contentHash": "UsJtQsfAJoFDZrXc4hCUfRPMqccfKZ0iumJ/upcUjz/cmsTgVFGNEL5yaJWmkqsuFYdMWbj/En5/kS4PFl9hBA=="
      },
      "Microsoft.Win32.SystemEvents": {
        "type": "Transitive",
        "resolved": "7.0.0",
        "contentHash": "2nXPrhdAyAzir0gLl8Yy8S5Mnm/uBSQQA7jEsILOS1MTyS7DbmV1NgViMtvV1sfCD1ebITpNwb1NIinKeJgUVQ=="
      },
      "SkiaSharp.NativeAssets.Linux": {
        "type": "Transitive",
        "resolved": "2.88.9",
        "contentHash": "cWSaJKVPWAaT/WIn9c8T5uT/l4ETwHxNJTkEOtNKjphNo8AW6TF9O32aRkxqw3l8GUdUo66Bu7EiqtFh/XG0Zg==",
        "dependencies": {
          "SkiaSharp": "2.88.9"
        }
      },
      "SkiaSharp.NativeAssets.macOS": {
        "type": "Transitive",
        "resolved": "2.88.9",
        "contentHash": "Nv5spmKc4505Ep7oUoJ5vp3KweFpeNqxpyGDWyeEPTX2uR6S6syXIm3gj75dM0YJz7NPvcix48mR5laqs8dPuA=="
      },
      "SkiaSharp.NativeAssets.Win32": {
        "type": "Transitive",
        "resolved": "2.88.9",
        "contentHash": "wb2kYgU7iy84nQLYZwMeJXixvK++GoIuECjU4ECaUKNuflyRlJKyiRhN1MAHswvlvzuvkrjRWlK0Za6+kYQK7w=="
      },
      "System.Diagnostics.EventLog": {
        "type": "Transitive",
        "resolved": "7.0.0",
        "contentHash": "eUDP47obqQm3SFJfP6z+Fx2nJ4KKTQbXB4Q9Uesnzw9SbYdhjyoGXuvDn/gEmFY6N5Z3bFFbpAQGA7m6hrYJCw=="
      },
      "System.Drawing.Common": {
        "type": "Transitive",
        "resolved": "7.0.0",
        "contentHash": "KIX+oBU38pxkKPxvLcLfIkOV5Ien8ReN78wro7OF5/erwcmortzeFx+iBswlh2Vz6gVne0khocQudGwaO1Ey6A==",
        "dependencies": {
          "Microsoft.Win32.SystemEvents": "7.0.0"
        }
      },
      "System.Security.Cryptography.ProtectedData": {
        "type": "Transitive",
        "resolved": "7.0.0",
        "contentHash": "xSPiLNlHT6wAHtugASbKAJwV5GVqQK351crnILAucUioFqqieDN79evO1rku1ckt/GfjIn+b17UaSskoY03JuA=="
      },
      "System.Windows.Extensions": {
        "type": "Transitive",
        "resolved": "7.0.0",
        "contentHash": "bR4qdCmssMMbo9Fatci49An5B1UaVJZHKNq70PRgzoLYIlitb8Tj7ns/Xt5Pz1CkERiTjcVBDU2y1AVrPBYkaw==",
        "dependencies": {
          "System.Drawing.Common": "7.0.0"
        }
      },
      "WmiLight": {
        "type": "CentralTransitive",
        "requested": "[7.1.0, )",
        "resolved": "7.1.0",
        "contentHash": "kWwFsCm9Xu68hhmpI+2BXGPvMoXqNMok0d74GE1td4AEzas+J3k9dFOhtksZ4J5egVZeebXbp5zYMujzPslW6A=="
      }
    },
    "net10.0/osx-x64": {
      "Avalonia.Angle.Windows.Natives": {
        "type": "Transitive",
        "resolved": "2.1.25547.20250602",
        "contentHash": "ZL0VLc4s9rvNNFt19Pxm5UNAkmKNylugAwJPX9ulXZ6JWs/l6XZihPWWTyezaoNOVyEPU8YbURtW7XMAtqXH5A=="
      },
      "Avalonia.Native": {
        "type": "Transitive",
        "resolved": "11.3.11",
        "contentHash": "21XxwcOCYuf7fSYBsc4sF7CS0xNK80iDFyXyK9L4awnrjZOJjMuNSGiJ2L5+RQQkXnXaB8ECvMAWN3e/9WN3aw==",
        "dependencies": {
          "Avalonia": "11.3.11"
        }
      },
      "HarfBuzzSharp.NativeAssets.Linux": {
        "type": "Transitive",
        "resolved": "8.3.1.1",
        "contentHash": "3EZ1mpIiKWRLL5hUYA82ZHteeDIVaEA/Z0rA/wU6tjx6crcAkJnBPwDXZugBSfo8+J3EznvRJf49uMsqYfKrHg=="
      },
      "HarfBuzzSharp.NativeAssets.macOS": {
        "type": "Transitive",
        "resolved": "8.3.1.1",
        "contentHash": "jbtCsgftcaFLCA13tVKo5iWdElJScrulLTKJre36O4YQTIlwDtPPqhRZNk+Y0vv4D1gxbscasGRucUDfS44ofQ=="
      },
      "HarfBuzzSharp.NativeAssets.Win32": {
        "type": "Transitive",
        "resolved": "8.3.1.1",
        "contentHash": "UsJtQsfAJoFDZrXc4hCUfRPMqccfKZ0iumJ/upcUjz/cmsTgVFGNEL5yaJWmkqsuFYdMWbj/En5/kS4PFl9hBA=="
      },
      "Microsoft.Win32.SystemEvents": {
        "type": "Transitive",
        "resolved": "7.0.0",
        "contentHash": "2nXPrhdAyAzir0gLl8Yy8S5Mnm/uBSQQA7jEsILOS1MTyS7DbmV1NgViMtvV1sfCD1ebITpNwb1NIinKeJgUVQ=="
      },
      "SkiaSharp.NativeAssets.Linux": {
        "type": "Transitive",
        "resolved": "2.88.9",
        "contentHash": "cWSaJKVPWAaT/WIn9c8T5uT/l4ETwHxNJTkEOtNKjphNo8AW6TF9O32aRkxqw3l8GUdUo66Bu7EiqtFh/XG0Zg==",
        "dependencies": {
          "SkiaSharp": "2.88.9"
        }
      },
      "SkiaSharp.NativeAssets.macOS": {
        "type": "Transitive",
        "resolved": "2.88.9",
        "contentHash": "Nv5spmKc4505Ep7oUoJ5vp3KweFpeNqxpyGDWyeEPTX2uR6S6syXIm3gj75dM0YJz7NPvcix48mR5laqs8dPuA=="
      },
      "SkiaSharp.NativeAssets.Win32": {
        "type": "Transitive",
        "resolved": "2.88.9",
        "contentHash": "wb2kYgU7iy84nQLYZwMeJXixvK++GoIuECjU4ECaUKNuflyRlJKyiRhN1MAHswvlvzuvkrjRWlK0Za6+kYQK7w=="
      },
      "System.Diagnostics.EventLog": {
        "type": "Transitive",
        "resolved": "7.0.0",
        "contentHash": "eUDP47obqQm3SFJfP6z+Fx2nJ4KKTQbXB4Q9Uesnzw9SbYdhjyoGXuvDn/gEmFY6N5Z3bFFbpAQGA7m6hrYJCw=="
      },
      "System.Drawing.Common": {
        "type": "Transitive",
        "resolved": "7.0.0",
        "contentHash": "KIX+oBU38pxkKPxvLcLfIkOV5Ien8ReN78wro7OF5/erwcmortzeFx+iBswlh2Vz6gVne0khocQudGwaO1Ey6A==",
        "dependencies": {
          "Microsoft.Win32.SystemEvents": "7.0.0"
        }
      },
      "System.Security.Cryptography.ProtectedData": {
        "type": "Transitive",
        "resolved": "7.0.0",
        "contentHash": "xSPiLNlHT6wAHtugASbKAJwV5GVqQK351crnILAucUioFqqieDN79evO1rku1ckt/GfjIn+b17UaSskoY03JuA=="
      },
      "System.Windows.Extensions": {
        "type": "Transitive",
        "resolved": "7.0.0",
        "contentHash": "bR4qdCmssMMbo9Fatci49An5B1UaVJZHKNq70PRgzoLYIlitb8Tj7ns/Xt5Pz1CkERiTjcVBDU2y1AVrPBYkaw==",
        "dependencies": {
          "System.Drawing.Common": "7.0.0"
        }
      },
      "WmiLight": {
        "type": "CentralTransitive",
        "requested": "[7.1.0, )",
        "resolved": "7.1.0",
        "contentHash": "kWwFsCm9Xu68hhmpI+2BXGPvMoXqNMok0d74GE1td4AEzas+J3k9dFOhtksZ4J5egVZeebXbp5zYMujzPslW6A=="
      }
    },
    "net10.0/win-x64": {
      "Avalonia.Angle.Windows.Natives": {
        "type": "Transitive",
        "resolved": "2.1.25547.20250602",
        "contentHash": "ZL0VLc4s9rvNNFt19Pxm5UNAkmKNylugAwJPX9ulXZ6JWs/l6XZihPWWTyezaoNOVyEPU8YbURtW7XMAtqXH5A=="
      },
      "Avalonia.Native": {
        "type": "Transitive",
        "resolved": "11.3.11",
        "contentHash": "21XxwcOCYuf7fSYBsc4sF7CS0xNK80iDFyXyK9L4awnrjZOJjMuNSGiJ2L5+RQQkXnXaB8ECvMAWN3e/9WN3aw==",
        "dependencies": {
          "Avalonia": "11.3.11"
        }
      },
      "HarfBuzzSharp.NativeAssets.Linux": {
        "type": "Transitive",
        "resolved": "8.3.1.1",
        "contentHash": "3EZ1mpIiKWRLL5hUYA82ZHteeDIVaEA/Z0rA/wU6tjx6crcAkJnBPwDXZugBSfo8+J3EznvRJf49uMsqYfKrHg=="
      },
      "HarfBuzzSharp.NativeAssets.macOS": {
        "type": "Transitive",
        "resolved": "8.3.1.1",
        "contentHash": "jbtCsgftcaFLCA13tVKo5iWdElJScrulLTKJre36O4YQTIlwDtPPqhRZNk+Y0vv4D1gxbscasGRucUDfS44ofQ=="
      },
      "HarfBuzzSharp.NativeAssets.Win32": {
        "type": "Transitive",
        "resolved": "8.3.1.1",
        "contentHash": "UsJtQsfAJoFDZrXc4hCUfRPMqccfKZ0iumJ/upcUjz/cmsTgVFGNEL5yaJWmkqsuFYdMWbj/En5/kS4PFl9hBA=="
      },
      "Microsoft.Win32.SystemEvents": {
        "type": "Transitive",
        "resolved": "7.0.0",
        "contentHash": "2nXPrhdAyAzir0gLl8Yy8S5Mnm/uBSQQA7jEsILOS1MTyS7DbmV1NgViMtvV1sfCD1ebITpNwb1NIinKeJgUVQ=="
      },
      "SkiaSharp.NativeAssets.Linux": {
        "type": "Transitive",
        "resolved": "2.88.9",
        "contentHash": "cWSaJKVPWAaT/WIn9c8T5uT/l4ETwHxNJTkEOtNKjphNo8AW6TF9O32aRkxqw3l8GUdUo66Bu7EiqtFh/XG0Zg==",
        "dependencies": {
          "SkiaSharp": "2.88.9"
        }
      },
      "SkiaSharp.NativeAssets.macOS": {
        "type": "Transitive",
        "resolved": "2.88.9",
        "contentHash": "Nv5spmKc4505Ep7oUoJ5vp3KweFpeNqxpyGDWyeEPTX2uR6S6syXIm3gj75dM0YJz7NPvcix48mR5laqs8dPuA=="
      },
      "SkiaSharp.NativeAssets.Win32": {
        "type": "Transitive",
        "resolved": "2.88.9",
        "contentHash": "wb2kYgU7iy84nQLYZwMeJXixvK++GoIuECjU4ECaUKNuflyRlJKyiRhN1MAHswvlvzuvkrjRWlK0Za6+kYQK7w=="
      },
      "System.Diagnostics.EventLog": {
        "type": "Transitive",
        "resolved": "7.0.0",
        "contentHash": "eUDP47obqQm3SFJfP6z+Fx2nJ4KKTQbXB4Q9Uesnzw9SbYdhjyoGXuvDn/gEmFY6N5Z3bFFbpAQGA7m6hrYJCw=="
      },
      "System.Drawing.Common": {
        "type": "Transitive",
        "resolved": "7.0.0",
        "contentHash": "KIX+oBU38pxkKPxvLcLfIkOV5Ien8ReN78wro7OF5/erwcmortzeFx+iBswlh2Vz6gVne0khocQudGwaO1Ey6A==",
        "dependencies": {
          "Microsoft.Win32.SystemEvents": "7.0.0"
        }
      },
      "System.Security.Cryptography.ProtectedData": {
        "type": "Transitive",
        "resolved": "7.0.0",
        "contentHash": "xSPiLNlHT6wAHtugASbKAJwV5GVqQK351crnILAucUioFqqieDN79evO1rku1ckt/GfjIn+b17UaSskoY03JuA=="
      },
      "System.Windows.Extensions": {
        "type": "Transitive",
        "resolved": "7.0.0",
        "contentHash": "bR4qdCmssMMbo9Fatci49An5B1UaVJZHKNq70PRgzoLYIlitb8Tj7ns/Xt5Pz1CkERiTjcVBDU2y1AVrPBYkaw==",
        "dependencies": {
          "System.Drawing.Common": "7.0.0"
        }
      },
      "WmiLight": {
        "type": "CentralTransitive",
        "requested": "[7.1.0, )",
        "resolved": "7.1.0",
        "contentHash": "kWwFsCm9Xu68hhmpI+2BXGPvMoXqNMok0d74GE1td4AEzas+J3k9dFOhtksZ4J5egVZeebXbp5zYMujzPslW6A=="
      }
    }
  }
}
